
Microsoft Visual Studio Solution File, Format Version 12.00
# Visual Studio Version 16
VisualStudioVersion = 16.0.30413.136
MinimumVisualStudioVersion = 10.0.40219.1
Project("{FAE04EC0-301F-11D3-BF4B-00C04F79EFBC}") = "View", "View\View.csproj", "{66813E04-9139-406F-B301-26EEE0C8BEB4}"
EndProject
Project("{FAE04EC0-301F-11D3-BF4B-00C04F79EFBC}") = "Domain", "Domain\Domain.csproj", "{C0FA6279-2512-4684-AF6D-29656278E461}"
EndProject
Project("{FAE04EC0-301F-11D3-BF4B-00C04F79EFBC}") = "ViewModel", "ViewModel\ViewModel.csproj", "{BE23D50D-704D-4D97-8BAF-4D5DDC391427}"
EndProject
Global
	GlobalSection(SolutionConfigurationPlatforms) = preSolution
		Debug|Any CPU = Debug|Any CPU
		Release|Any CPU = Release|Any CPU
	EndGlobalSection
	GlobalSection(ProjectConfigurationPlatforms) = postSolution
		{66813E04-9139-406F-B301-26EEE0C8BEB4}.Debug|Any CPU.ActiveCfg = Debug|Any CPU
		{66813E04-9139-406F-B301-26EEE0C8BEB4}.Debug|Any CPU.Build.0 = Debug|Any CPU
		{66813E04-9139-406F-B301-26EEE0C8BEB4}.Release|Any CPU.ActiveCfg = Release|Any CPU
		{66813E04-9139-406F-B301-26EEE0C8BEB4}.Release|Any CPU.Build.0 = Release|Any CPU
		{C0FA6279-2512-4684-AF6D-29656278E461}.Debug|Any CPU.ActiveCfg = Debug|Any CPU
		{C0FA6279-2512-4684-AF6D-29656278E461}.Debug|Any CPU.Build.0 = Debug|Any CPU
		{C0FA6279-2512-4684-AF6D-29656278E461}.Release|Any CPU.ActiveCfg = Release|Any CPU
		{C0FA6279-2512-4684-AF6D-29656278E461}.Release|Any CPU.Build.0 = Release|Any CPU
		{BE23D50D-704D-4D97-8BAF-4D5DDC391427}.Debug|Any CPU.ActiveCfg = Debug|Any CPU
		{BE23D50D-704D-4D97-8BAF-4D5DDC391427}.Debug|Any CPU.Build.0 = Debug|Any CPU
		{BE23D50D-704D-4D97-8BAF-4D5DDC391427}.Release|Any CPU.ActiveCfg = Release|Any CPU
		{BE23D50D-704D-4D97-8BAF-4D5DDC391427}.Release|Any CPU.Build.0 = Release|Any CPU
	EndGlobalSection
	GlobalSection(SolutionProperties) = preSolution
		HideSolutionNode = FALSE
	EndGlobalSection
	GlobalSection(ExtensibilityGlobals) = postSolution
		SolutionGuid = {4E2DFDC3-B67C-471D-8139-1AF8E071E4FB}
	EndGlobalSection
EndGlobal
